
Microsoft Visual Studio Solution File, Format Version 12.00
# Visual Studio 15
VisualStudioVersion = 15.0.27130.2010
MinimumVisualStudioVersion = 10.0.40219.1
Project("{888888A0-9F3D-457C-B088-3A5042F75D52}") = "Predictor", "Predictor\Predictor.pyproj", "{84026046-AB7C-46C2-9D58-EA13AB08CBE9}"
EndProject
Global
	GlobalSection(SolutionConfigurationPlatforms) = preSolution
		Debug|Any CPU = Debug|Any CPU
		Release|Any CPU = Release|Any CPU
	EndGlobalSection
	GlobalSection(ProjectConfigurationPlatforms) = postSolution
		{84026046-AB7C-46C2-9D58-EA13AB08CBE9}.Debug|Any CPU.ActiveCfg = Debug|Any CPU
		{84026046-AB7C-46C2-9D58-EA13AB08CBE9}.Release|Any CPU.ActiveCfg = Release|Any CPU
	EndGlobalSection
	GlobalSection(SolutionProperties) = preSolution
		HideSolutionNode = FALSE
	EndGlobalSection
	GlobalSection(ExtensibilityGlobals) = postSolution
		SolutionGuid = {247359B2-F5F9-408A-9A48-FE5151AB8F8F}
	EndGlobalSection
EndGlobal
